
Microsoft Visual Studio Solution File, Format Version 12.00
# Visual Studio Version 17
VisualStudioVersion = 17.10.35013.160
MinimumVisualStudioVersion = 10.0.40219.1
Project("{8BC9CEB8-8B4A-11D0-8D11-00A0C91BC942}") = "BM3D_Gray_GPU_prezentacja", "BM3D_Gray_GPU_prezentacja.vcxproj", "{8D478A69-37DC-4763-B843-B3DDD81A9B2B}"
EndProject
Global
	GlobalSection(SolutionConfigurationPlatforms) = preSolution
		Debug|x64 = Debug|x64
		Release|x64 = Release|x64
	EndGlobalSection
	GlobalSection(ProjectConfigurationPlatforms) = postSolution
		{8D478A69-37DC-4763-B843-B3DDD81A9B2B}.Debug|x64.ActiveCfg = Debug|x64
		{8D478A69-37DC-4763-B843-B3DDD81A9B2B}.Debug|x64.Build.0 = Debug|x64
		{8D478A69-37DC-4763-B843-B3DDD81A9B2B}.Release|x64.ActiveCfg = Release|x64
		{8D478A69-37DC-4763-B843-B3DDD81A9B2B}.Release|x64.Build.0 = Release|x64
	EndGlobalSection
	GlobalSection(SolutionProperties) = preSolution
		HideSolutionNode = FALSE
	EndGlobalSection
	GlobalSection(ExtensibilityGlobals) = postSolution
		SolutionGuid = {B7889868-3CDC-4F30-8AA0-6E7DABBC8CFC}
	EndGlobalSection
EndGlobal
